
Microsoft Visual Studio Solution File, Format Version 10.00
# Visual Studio 2008
Project("{8BC9CEB8-8B4A-11D0-8D11-00A0C91BC942}") = "WintabDemo", "WintabDemo\WintabDemo.vcproj", "{53EDA075-280F-4587-90D7-D1ABEA444D7E}"
EndProject
Global
	GlobalSection(SolutionConfigurationPlatforms) = preSolution
		Debug|Win32 = Debug|Win32
		Release|Win32 = Release|Win32
	EndGlobalSection
	GlobalSection(ProjectConfigurationPlatforms) = postSolution
		{53EDA075-280F-4587-90D7-D1ABEA444D7E}.Debug|Win32.ActiveCfg = Debug|Win32
		{53EDA075-280F-4587-90D7-D1ABEA444D7E}.Debug|Win32.Build.0 = Debug|Win32
		{53EDA075-280F-4587-90D7-D1ABEA444D7E}.Release|Win32.ActiveCfg = Release|Win32
		{53EDA075-280F-4587-90D7-D1ABEA444D7E}.Release|Win32.Build.0 = Release|Win32
	EndGlobalSection
	GlobalSection(SolutionProperties) = preSolution
		HideSolutionNode = FALSE
	EndGlobalSection
EndGlobal
