
Microsoft Visual Studio Solution File, Format Version 10.00
# Visual Studio 2008
Project("{8BC9CEB8-8B4A-11D0-8D11-00A0C91BC942}") = "SSAO_CS50", "SSAO_CS50\SSAO_CS50.vcproj", "{E8D8725F-D793-4917-94D2-CEDCD1C129FF}"
EndProject
Global
	GlobalSection(SolutionConfigurationPlatforms) = preSolution
		Debug|Win32 = Debug|Win32
		Release|Win32 = Release|Win32
	EndGlobalSection
	GlobalSection(ProjectConfigurationPlatforms) = postSolution
		{E8D8725F-D793-4917-94D2-CEDCD1C129FF}.Debug|Win32.ActiveCfg = Debug|Win32
		{E8D8725F-D793-4917-94D2-CEDCD1C129FF}.Debug|Win32.Build.0 = Debug|Win32
		{E8D8725F-D793-4917-94D2-CEDCD1C129FF}.Release|Win32.ActiveCfg = Release|Win32
		{E8D8725F-D793-4917-94D2-CEDCD1C129FF}.Release|Win32.Build.0 = Release|Win32
	EndGlobalSection
	GlobalSection(SolutionProperties) = preSolution
		HideSolutionNode = FALSE
	EndGlobalSection
EndGlobal
