
Microsoft Visual Studio Solution File, Format Version 10.00
# Visual Studio 2008
Project("{8BC9CEB8-8B4A-11D0-8D11-00A0C91BC942}") = "AddPlacement", "AddPlacement\AddPlacement.vcproj", "{F46528FA-F80A-4355-BF99-8440C9CE17DD}"
EndProject
Global
	GlobalSection(SolutionConfigurationPlatforms) = preSolution
		Debug|Win32 = Debug|Win32
		Release|Win32 = Release|Win32
	EndGlobalSection
	GlobalSection(ProjectConfigurationPlatforms) = postSolution
		{F46528FA-F80A-4355-BF99-8440C9CE17DD}.Debug|Win32.ActiveCfg = Debug|Win32
		{F46528FA-F80A-4355-BF99-8440C9CE17DD}.Debug|Win32.Build.0 = Debug|Win32
		{F46528FA-F80A-4355-BF99-8440C9CE17DD}.Release|Win32.ActiveCfg = Release|Win32
		{F46528FA-F80A-4355-BF99-8440C9CE17DD}.Release|Win32.Build.0 = Release|Win32
	EndGlobalSection
	GlobalSection(SolutionProperties) = preSolution
		HideSolutionNode = FALSE
	EndGlobalSection
EndGlobal
